
Microsoft Visual Studio Solution File, Format Version 12.00
# Visual Studio Version 16
VisualStudioVersion = 16.0.30907.101
MinimumVisualStudioVersion = 10.0.40219.1
Project("{FAE04EC0-301F-11D3-BF4B-00C04F79EFBC}") = "LoongEgg.Protocol", "LoongEgg.Protocol\LoongEgg.Protocol.csproj", "{679378DB-BF64-47EC-BB64-21146F2F6AEF}"
EndProject
Global
	GlobalSection(SolutionConfigurationPlatforms) = preSolution
		Debug|Any CPU = Debug|Any CPU
		Release|Any CPU = Release|Any CPU
	EndGlobalSection
	GlobalSection(ProjectConfigurationPlatforms) = postSolution
		{679378DB-BF64-47EC-BB64-21146F2F6AEF}.Debug|Any CPU.ActiveCfg = Debug|Any CPU
		{679378DB-BF64-47EC-BB64-21146F2F6AEF}.Debug|Any CPU.Build.0 = Debug|Any CPU
		{679378DB-BF64-47EC-BB64-21146F2F6AEF}.Release|Any CPU.ActiveCfg = Release|Any CPU
		{679378DB-BF64-47EC-BB64-21146F2F6AEF}.Release|Any CPU.Build.0 = Release|Any CPU
	EndGlobalSection
	GlobalSection(SolutionProperties) = preSolution
		HideSolutionNode = FALSE
	EndGlobalSection
	GlobalSection(ExtensibilityGlobals) = postSolution
		SolutionGuid = {93A94877-FA31-40F0-87AD-C79640BA020A}
	EndGlobalSection
EndGlobal
